{
  "name": "maishu-node-mvc",
  "version": "1.0.0",
  "lockfileVersion": 1,
  "requires": true,
  "dependencies": {
    "@types/node": {
      "version": "10.12.18",
      "resolved": "https://registry.npmjs.org/@types/node/-/node-10.12.18.tgz",
      "integrity": "sha512-fh+pAqt4xRzPfqA6eh3Z2y6fyZavRIumvjhaCL753+TVkGKGhpPeyrJG2JftD0T9q4GF00KjefsQ+PQNDdWQaQ==",
      "dev": true
    },
    "is-class": {
      "version": "0.0.5",
      "resolved": "https://registry.npmjs.org/is-class/-/is-class-0.0.5.tgz",
      "integrity": "sha512-jOquneoRNrqbpDgh4hKicrMcGIl7jopvIJaWI+LyDVRzZrQy819qBaYSofOyUMTo/x5Jelvs8G5v/ptdySWy6A=="
    }
  }
}
